
Microsoft Visual Studio Solution File, Format Version 12.00
# Visual Studio Version 17
VisualStudioVersion = 17.14.36414.22 d17.14
MinimumVisualStudioVersion = 10.0.40219.1
Project("{FAE04EC0-301F-11D3-BF4B-00C04F79EFBC}") = "GenAiForDotNet", "GenAiForDotNet.csproj", "{C937BB53-1376-4704-BF84-588FA8FAAE3E}"
EndProject
Global
	GlobalSection(SolutionConfigurationPlatforms) = preSolution
		Debug|Any CPU = Debug|Any CPU
		Release|Any CPU = Release|Any CPU
	EndGlobalSection
	GlobalSection(ProjectConfigurationPlatforms) = postSolution
		{C937BB53-1376-4704-BF84-588FA8FAAE3E}.Debug|Any CPU.ActiveCfg = Debug|Any CPU
		{C937BB53-1376-4704-BF84-588FA8FAAE3E}.Debug|Any CPU.Build.0 = Debug|Any CPU
		{C937BB53-1376-4704-BF84-588FA8FAAE3E}.Release|Any CPU.ActiveCfg = Release|Any CPU
		{C937BB53-1376-4704-BF84-588FA8FAAE3E}.Release|Any CPU.Build.0 = Release|Any CPU
	EndGlobalSection
	GlobalSection(SolutionProperties) = preSolution
		HideSolutionNode = FALSE
	EndGlobalSection
	GlobalSection(ExtensibilityGlobals) = postSolution
		SolutionGuid = {5F879F12-F6DA-454A-B230-C9C6C3536E9C}
	EndGlobalSection
EndGlobal
